{
  "name": "flowercatalogapp",
  "version": "1.0.0",
  "lockfileVersion": 2,
  "requires": true,
  "packages": {
    "": {
      "name": "flowercatalogapp",
      "version": "1.0.0",
      "license": "ISC",
      "dependencies": {
        "myserver": "github:premkpavuluri/httpServerModule"
      }
    },
    "node_modules/myserver": {
      "version": "1.0.0",
      "resolved": "git+ssh://git@github.com/premkpavuluri/httpServerModule.git#b200d4bae96b30ff3bbb914ca8959a819124d26f",
      "license": "ISC"
    }
  },
  "dependencies": {
    "myserver": {
      "version": "git+ssh://git@github.com/premkpavuluri/httpServerModule.git#b200d4bae96b30ff3bbb914ca8959a819124d26f",
      "from": "myserver@https://github.com/premkpavuluri/httpServerModule.git"
    }
  }
}
